
Microsoft Visual Studio Solution File, Format Version 12.00
# Visual Studio 15
VisualStudioVersion = 15.0.28307.136
MinimumVisualStudioVersion = 10.0.40219.1
Project("{8BC9CEB8-8B4A-11D0-8D11-00A0C91BC942}") = "psyche", "psyche\psyche.vcxproj", "{4CB06508-6D99-4358-A97A-3C93BAC16A70}"
EndProject
Global
	GlobalSection(SolutionConfigurationPlatforms) = preSolution
		Debug|ARM = Debug|ARM
		Debug|ARM64 = Debug|ARM64
		Debug|x64 = Debug|x64
		Debug|x86 = Debug|x86
		Release|ARM = Release|ARM
		Release|ARM64 = Release|ARM64
		Release|x64 = Release|x64
		Release|x86 = Release|x86
	EndGlobalSection
	GlobalSection(ProjectConfigurationPlatforms) = postSolution
		{4CB06508-6D99-4358-A97A-3C93BAC16A70}.Debug|ARM.ActiveCfg = Debug|ARM
		{4CB06508-6D99-4358-A97A-3C93BAC16A70}.Debug|ARM.Build.0 = Debug|ARM
		{4CB06508-6D99-4358-A97A-3C93BAC16A70}.Debug|ARM64.ActiveCfg = Debug|ARM64
		{4CB06508-6D99-4358-A97A-3C93BAC16A70}.Debug|ARM64.Build.0 = Debug|ARM64
		{4CB06508-6D99-4358-A97A-3C93BAC16A70}.Debug|x64.ActiveCfg = Debug|x64
		{4CB06508-6D99-4358-A97A-3C93BAC16A70}.Debug|x64.Build.0 = Debug|x64
		{4CB06508-6D99-4358-A97A-3C93BAC16A70}.Debug|x86.ActiveCfg = Debug|x86
		{4CB06508-6D99-4358-A97A-3C93BAC16A70}.Debug|x86.Build.0 = Debug|x86
		{4CB06508-6D99-4358-A97A-3C93BAC16A70}.Release|ARM.ActiveCfg = Release|ARM
		{4CB06508-6D99-4358-A97A-3C93BAC16A70}.Release|ARM.Build.0 = Release|ARM
		{4CB06508-6D99-4358-A97A-3C93BAC16A70}.Release|ARM64.ActiveCfg = Release|ARM64
		{4CB06508-6D99-4358-A97A-3C93BAC16A70}.Release|ARM64.Build.0 = Release|ARM64
		{4CB06508-6D99-4358-A97A-3C93BAC16A70}.Release|x64.ActiveCfg = Release|x64
		{4CB06508-6D99-4358-A97A-3C93BAC16A70}.Release|x64.Build.0 = Release|x64
		{4CB06508-6D99-4358-A97A-3C93BAC16A70}.Release|x86.ActiveCfg = Release|x86
		{4CB06508-6D99-4358-A97A-3C93BAC16A70}.Release|x86.Build.0 = Release|x86
	EndGlobalSection
	GlobalSection(SolutionProperties) = preSolution
		HideSolutionNode = FALSE
	EndGlobalSection
	GlobalSection(ExtensibilityGlobals) = postSolution
		SolutionGuid = {59D43494-12EB-46C7-AEF2-3D94226C7BD3}
	EndGlobalSection
EndGlobal
